
Microsoft Visual Studio Solution File, Format Version 12.00
# Visual Studio Version 17
VisualStudioVersion = 17.9.34622.214
MinimumVisualStudioVersion = 10.0.40219.1
Project("{FAE04EC0-301F-11D3-BF4B-00C04F79EFBC}") = "Mavericks", "Mavericks\Mavericks.csproj", "{4F684983-6848-49FE-8310-50FA265EA957}"
EndProject
Global
	GlobalSection(SolutionConfigurationPlatforms) = preSolution
		Debug|Any CPU = Debug|Any CPU
		Release|Any CPU = Release|Any CPU
	EndGlobalSection
	GlobalSection(ProjectConfigurationPlatforms) = postSolution
		{4F684983-6848-49FE-8310-50FA265EA957}.Debug|Any CPU.ActiveCfg = Debug|Any CPU
		{4F684983-6848-49FE-8310-50FA265EA957}.Debug|Any CPU.Build.0 = Debug|Any CPU
		{4F684983-6848-49FE-8310-50FA265EA957}.Release|Any CPU.ActiveCfg = Release|Any CPU
		{4F684983-6848-49FE-8310-50FA265EA957}.Release|Any CPU.Build.0 = Release|Any CPU
	EndGlobalSection
	GlobalSection(SolutionProperties) = preSolution
		HideSolutionNode = FALSE
	EndGlobalSection
	GlobalSection(ExtensibilityGlobals) = postSolution
		SolutionGuid = {C73A7A60-8F79-40C7-A642-574775CA0BC2}
	EndGlobalSection
EndGlobal
